// !$*UTF8*$!
{
	archiveVersion = 1;
	classes = {
	};
	objectVersion = 50;
	objects = {

/* Begin PBXBuildFile section */
		2D9EE04110DCD15E9C716502 /* Pods_SampleForLearningSwift.framework in Frameworks */ = {isa = PBXBuildFile; fileRef = 7EEEE4EEE46874B079C4A377 /* Pods_SampleForLearningSwift.framework */; };
		50562F6A2498AF2900713E15 /* AppDelegate.swift in Sources */ = {isa = PBXBuildFile; fileRef = 50562F692498AF2900713E15 /* AppDelegate.swift */; };
		50562F6C2498AF2900713E15 /* SceneDelegate.swift in Sources */ = {isa = PBXBuildFile; fileRef = 50562F6B2498AF2900713E15 /* SceneDelegate.swift */; };
		50562F6E2498AF2900713E15 /* ViewController.swift in Sources */ = {isa = PBXBuildFile; fileRef = 50562F6D2498AF2900713E15 /* ViewController.swift */; };
		50562F712498AF2900713E15 /* Main.storyboard in Resources */ = {isa = PBXBuildFile; fileRef = 50562F6F2498AF2900713E15 /* Main.storyboard */; };
		50562F732498AF2A00713E15 /* Assets.xcassets in Resources */ = {isa = PBXBuildFile; fileRef = 50562F722498AF2A00713E15 /* Assets.xcassets */; };
		50562F762498AF2A00713E15 /* LaunchScreen.storyboard in Resources */ = {isa = PBXBuildFile; fileRef = 50562F742498AF2A00713E15 /* LaunchScreen.storyboard */; };
		9FE344862595D04F00793B9A /* SampleViewController.swift in Sources */ = {isa = PBXBuildFile; fileRef = 9FE344852595D04F00793B9A /* SampleViewController.swift */; };
/* End PBXBuildFile section */

/* Begin PBXFileReference section */
		50562F662498AF2900713E15 /* SampleForLearningSwift.app */ = {isa = PBXFileReference; explicitFileType = wrapper.application; includeInIndex = 0; path = SampleForLearningSwift.app; sourceTree = BUILT_PRODUCTS_DIR; };
		50562F692498AF2900713E15 /* AppDelegate.swift */ = {isa = PBXFileReference; lastKnownFileType = sourcecode.swift; path = AppDelegate.swift; sourceTree = "<group>"; };
		50562F6B2498AF2900713E15 /* SceneDelegate.swift */ = {isa = PBXFileReference; lastKnownFileType = sourcecode.swift; path = SceneDelegate.swift; sourceTree = "<group>"; };
		50562F6D2498AF2900713E15 /* ViewController.swift */ = {isa = PBXFileReference; lastKnownFileType = sourcecode.swift; path = ViewController.swift; sourceTree = "<group>"; };
		50562F702498AF2900713E15 /* Base */ = {isa = PBXFileReference; lastKnownFileType = file.storyboard; name = Base; path = Base.lproj/Main.storyboard; sourceTree = "<group>"; };
		50562F722498AF2A00713E15 /* Assets.xcassets */ = {isa = PBXFileReference; lastKnownFileType = folder.assetcatalog; path = Assets.xcassets; sourceTree = "<group>"; };
		50562F752498AF2A00713E15 /* Base */ = {isa = PBXFileReference; lastKnownFileType = file.storyboard; name = Base; path = Base.lproj/LaunchScreen.storyboard; sourceTree = "<group>"; };
		50562F772498AF2A00713E15 /* Info.plist */ = {isa = PBXFileReference; lastKnownFileType = text.plist.xml; path = Info.plist; sourceTree = "<group>"; };
		53DAE99A83E78B95F080D1A9 /* Pods-SampleForLearningSwift.debug.xcconfig */ = {isa = PBXFileReference; includeInIndex = 1; lastKnownFileType = text.xcconfig; name = "Pods-SampleForLearningSwift.debug.xcconfig"; path = "Target Support Files/Pods-SampleForLearningSwift/Pods-SampleForLearningSwift.debug.xcconfig"; sourceTree = "<group>"; };
		7EEEE4EEE46874B079C4A377 /* Pods_SampleForLearningSwift.framework */ = {isa = PBXFileReference; explicitFileType = wrapper.framework; includeInIndex = 0; path = Pods_SampleForLearningSwift.framework; sourceTree = BUILT_PRODUCTS_DIR; };
		9FE344852595D04F00793B9A /* SampleViewController.swift */ = {isa = PBXFileReference; lastKnownFileType = sourcecode.swift; path = SampleViewController.swift; sourceTree = "<group>"; };
		D9FBA78B492AAB5685A3BDA8 /* Pods-SampleForLearningSwift.release.xcconfig */ = {isa = PBXFileReference; includeInIndex = 1; lastKnownFileType = text.xcconfig; name = "Pods-SampleForLearningSwift.release.xcconfig"; path = "Target Support Files/Pods-SampleForLearningSwift/Pods-SampleForLearningSwift.release.xcconfig"; sourceTree = "<group>"; };
/* End PBXFileReference section */

/* Begin PBXFrameworksBuildPhase section */
		50562F632498AF2900713E15 /* Frameworks */ = {
			isa = PBXFrameworksBuildPhase;
			buildActionMask = 2147483647;
			files = (
				2D9EE04110DCD15E9C716502 /* Pods_SampleForLearningSwift.framework in Frameworks */,
			);
			runOnlyForDeploymentPostprocessing = 0;
		};
/* End PBXFrameworksBuildPhase section */

/* Begin PBXGroup section */
		50562F5D2498AF2900713E15 = {
			isa = PBXGroup;
			children = (
				50562F682498AF2900713E15 /* SampleForLearningSwift */,
				50562F672498AF2900713E15 /* Products */,
				EDD342F2483FE012205FB9A1 /* Pods */,
				C612BC160318A63F9A25D417 /* Frameworks */,
			);
			sourceTree = "<group>";
		};
		50562F672498AF2900713E15 /* Products */ = {
			isa = PBXGroup;
			children = (
				50562F662498AF2900713E15 /* SampleForLearningSwift.app */,
			);
			name = Products;
			sourceTree = "<group>";
		};
		50562F682498AF2900713E15 /* SampleForLearningSwift */ = {
			isa = PBXGroup;
			children = (
				50562F692498AF2900713E15 /* AppDelegate.swift */,
				50562F6B2498AF2900713E15 /* SceneDelegate.swift */,
				50562F6D2498AF2900713E15 /* ViewController.swift */,
				9FE344852595D04F00793B9A /* SampleViewController.swift */,
				50562F6F2498AF2900713E15 /* Main.storyboard */,
				50562F722498AF2A00713E15 /* Assets.xcassets */,
				50562F742498AF2A00713E15 /* LaunchScreen.storyboard */,
				50562F772498AF2A00713E15 /* Info.plist */,
			);
			path = SampleForLearningSwift;
			sourceTree = "<group>";
		};
		C612BC160318A63F9A25D417 /* Frameworks */ = {
			isa = PBXGroup;
			children = (
				7EEEE4EEE46874B079C4A377 /* Pods_SampleForLearningSwift.framework */,
			);
			name = Frameworks;
			sourceTree = "<group>";
		};
		EDD342F2483FE012205FB9A1 /* Pods */ = {
			isa = PBXGroup;
			children = (
				53DAE99A83E78B95F080D1A9 /* Pods-SampleForLearningSwift.debug.xcconfig */,
				D9FBA78B492AAB5685A3BDA8 /* Pods-SampleForLearningSwift.release.xcconfig */,
			);
			path = Pods;
			sourceTree = "<group>";
		};
/* End PBXGroup section */

/* Begin PBXNativeTarget section */
		50562F652498AF2900713E15 /* SampleForLearningSwift */ = {
			isa = PBXNativeTarget;
			buildConfigurationList = 50562F7A2498AF2A00713E15 /* Build configuration list for PBXNativeTarget "SampleForLearningSwift" */;
			buildPhases = (
				25B3772AC4B8869DFDF5C6BC /* [CP] Check Pods Manifest.lock */,
				50562F622498AF2900713E15 /* Sources */,
				50562F632498AF2900713E15 /* Frameworks */,
				50562F642498AF2900713E15 /* Resources */,
			);
			buildRules = (
			);
			dependencies = (
			);
			name = SampleForLearningSwift;
			productName = SampleForLearningSwift;
			productReference = 50562F662498AF2900713E15 /* SampleForLearningSwift.app */;
			productType = "com.apple.product-type.application";
		};
/* End PBXNativeTarget section */

/* Begin PBXProject section */
		50562F5E2498AF2900713E15 /* Project object */ = {
			isa = PBXProject;
			attributes = {
				LastSwiftUpdateCheck = 1150;
				LastUpgradeCheck = 1150;
				ORGANIZATIONNAME = "Daiki Hatada";
				TargetAttributes = {
					50562F652498AF2900713E15 = {
						CreatedOnToolsVersion = 11.5;
					};
				};
			};
			buildConfigurationList = 50562F612498AF2900713E15 /* Build configuration list for PBXProject "SampleForLearningSwift" */;
			compatibilityVersion = "Xcode 9.3";
			developmentRegion = en;
			hasScannedForEncodings = 0;
			knownRegions = (
				en,
				Base,
			);
			mainGroup = 50562F5D2498AF2900713E15;
			productRefGroup = 50562F672498AF2900713E15 /* Products */;
			projectDirPath = "";
			projectRoot = "";
			targets = (
				50562F652498AF2900713E15 /* SampleForLearningSwift */,
			);
		};
/* End PBXProject section */

/* Begin PBXResourcesBuildPhase section */
		50562F642498AF2900713E15 /* Resources */ = {
			isa = PBXResourcesBuildPhase;
			buildActionMask = 2147483647;
			files = (
				50562F762498AF2A00713E15 /* LaunchScreen.storyboard in Resources */,
				50562F732498AF2A00713E15 /* Assets.xcassets in Resources */,
				50562F712498AF2900713E15 /* Main.storyboard in Resources */,
			);
			runOnlyForDeploymentPostprocessing = 0;
		};
/* End PBXResourcesBuildPhase section */

/* Begin PBXShellScriptBuildPhase section */
		25B3772AC4B8869DFDF5C6BC /* [CP] Check Pods Manifest.lock */ = {
			isa = PBXShellScriptBuildPhase;
			buildActionMask = 2147483647;
			files = (
			);
			inputFileListPaths = (
			);
			inputPaths = (
				"${PODS_PODFILE_DIR_PATH}/Podfile.lock",
				"${PODS_ROOT}/Manifest.lock",
			);
			name = "[CP] Check Pods Manifest.lock";
			outputFileListPaths = (
			);
			outputPaths = (
				"$(DERIVED_FILE_DIR)/Pods-SampleForLearningSwift-checkManifestLockResult.txt",
			);
			runOnlyForDeploymentPostprocessing = 0;
			shellPath = /bin/sh;
			shellScript = "diff \"${PODS_PODFILE_DIR_PATH}/Podfile.lock\" \"${PODS_ROOT}/Manifest.lock\" > /dev/null\nif [ $? != 0 ] ; then\n    # print error to STDERR\n    echo \"error: The sandbox is not in sync with the Podfile.lock. Run 'pod install' or update your CocoaPods installation.\" >&2\n    exit 1\nfi\n# This output is used by Xcode 'outputs' to avoid re-running this script phase.\necho \"SUCCESS\" > \"${SCRIPT_OUTPUT_FILE_0}\"\n";
			showEnvVarsInLog = 0;
		};
/* End PBXShellScriptBuildPhase section */

/* Begin PBXSourcesBuildPhase section */
		50562F622498AF2900713E15 /* Sources */ = {
			isa = PBXSourcesBuildPhase;
			buildActionMask = 2147483647;
			files = (
				50562F6E2498AF2900713E15 /* ViewController.swift in Sources */,
				50562F6A2498AF2900713E15 /* AppDelegate.swift in Sources */,
				9FE344862595D04F00793B9A /* SampleViewController.swift in Sources */,
				50562F6C2498AF2900713E15 /* SceneDelegate.swift in Sources */,
			);
			runOnlyForDeploymentPostprocessing = 0;
		};
/* End PBXSourcesBuildPhase section */

/* Begin PBXVariantGroup section */
		50562F6F2498AF2900713E15 /* Main.storyboard */ = {
			isa = PBXVariantGroup;
			children = (
				50562F702498AF2900713E15 /* Base */,
			);
			name = Main.storyboard;
			sourceTree = "<group>";
		};
		50562F742498AF2A00713E15 /* LaunchScreen.storyboard */ = {
			isa = PBXVariantGroup;
			children = (
				50562F752498AF2A00713E15 /* Base */,
			);
			name = LaunchScreen.storyboard;
			sourceTree = "<group>";
		};
/* End PBXVariantGroup section */

/* Begin XCBuildConfiguration section */
		50562F782498AF2A00713E15 /* Debug */ = {
			isa = XCBuildConfiguration;
			buildSettings = {
				ALWAYS_SEARCH_USER_PATHS = NO;
				CLANG_ANALYZER_NONNULL = YES;
				CLANG_ANALYZER_NUMBER_OBJECT_CONVERSION = YES_AGGRESSIVE;
				CLANG_CXX_LANGUAGE_STANDARD = "gnu++14";
				CLANG_CXX_LIBRARY = "libc++";
				CLANG_ENABLE_MODULES = YES;
				CLANG_ENABLE_OBJC_ARC = YES;
				CLANG_ENABLE_OBJC_WEAK = YES;
				CLANG_WARN_BLOCK_CAPTURE_AUTORELEASING = YES;
				CLANG_WARN_BOOL_CONVERSION = YES;
				CLANG_WARN_COMMA = YES;
				CLANG_WARN_CONSTANT_CONVERSION = YES;
				CLANG_WARN_DEPRECATED_OBJC_IMPLEMENTATIONS = YES;
				CLANG_WARN_DIRECT_OBJC_ISA_USAGE = YES_ERROR;
				CLANG_WARN_DOCUMENTATION_COMMENTS = YES;
				CLANG_WARN_EMPTY_BODY = YES;
				CLANG_WARN_ENUM_CONVERSION = YES;
				CLANG_WARN_INFINITE_RECURSION = YES;
				CLANG_WARN_INT_CONVERSION = YES;
				CLANG_WARN_NON_LITERAL_NULL_CONVERSION = YES;
				CLANG_WARN_OBJC_IMPLICIT_RETAIN_SELF = YES;
				CLANG_WARN_OBJC_LITERAL_CONVERSION = YES;
				CLANG_WARN_OBJC_ROOT_CLASS = YES_ERROR;
				CLANG_WARN_RANGE_LOOP_ANALYSIS = YES;
				CLANG_WARN_STRICT_PROTOTYPES = YES;
				CLANG_WARN_SUSPICIOUS_MOVE = YES;
				CLANG_WARN_UNGUARDED_AVAILABILITY = YES_AGGRESSIVE;
				CLANG_WARN_UNREACHABLE_CODE = YES;
				CLANG_WARN__DUPLICATE_METHOD_MATCH = YES;
				COPY_PHASE_STRIP = NO;
				DEBUG_INFORMATION_FORMAT = dwarf;
				ENABLE_STRICT_OBJC_MSGSEND = YES;
				ENABLE_TESTABILITY = YES;
				GCC_C_LANGUAGE_STANDARD = gnu11;
				GCC_DYNAMIC_NO_PIC = NO;
				GCC_NO_COMMON_BLOCKS = YES;
				GCC_OPTIMIZATION_LEVEL = 0;
				GCC_PREPROCESSOR_DEFINITIONS = (
					"DEBUG=1",
					"$(inherited)",
				);
				GCC_WARN_64_TO_32_BIT_CONVERSION = YES;
				GCC_WARN_ABOUT_RETURN_TYPE = YES_ERROR;
				GCC_WARN_UNDECLARED_SELECTOR = YES;
				GCC_WARN_UNINITIALIZED_AUTOS = YES_AGGRESSIVE;
				GCC_WARN_UNUSED_FUNCTION = YES;
				GCC_WARN_UNUSED_VARIABLE = YES;
				IPHONEOS_DEPLOYMENT_TARGET = 13.5;
				MTL_ENABLE_DEBUG_INFO = INCLUDE_SOURCE;
				MTL_FAST_MATH = YES;
				ONLY_ACTIVE_ARCH = YES;
				SDKROOT = iphoneos;
				SWIFT_ACTIVE_COMPILATION_CONDITIONS = DEBUG;
				SWIFT_OPTIMIZATION_LEVEL = "-Onone";
			};
			name = Debug;
		};
		50562F792498AF2A00713E15 /* Release */ = {
			isa = XCBuildConfiguration;
			buildSettings = {
				ALWAYS_SEARCH_USER_PATHS = NO;
				CLANG_ANALYZER_NONNULL = YES;
				CLANG_ANALYZER_NUMBER_OBJECT_CONVERSION = YES_AGGRESSIVE;
				CLANG_CXX_LANGUAGE_STANDARD = "gnu++14";
				CLANG_CXX_LIBRARY = "libc++";
				CLANG_ENABLE_MODULES = YES;
				CLANG_ENABLE_OBJC_ARC = YES;
				CLANG_ENABLE_OBJC_WEAK = YES;
				CLANG_WARN_BLOCK_CAPTURE_AUTORELEASING = YES;
				CLANG_WARN_BOOL_CONVERSION = YES;
				CLANG_WARN_COMMA = YES;
				CLANG_WARN_CONSTANT_CONVERSION = YES;
				CLANG_WARN_DEPRECATED_OBJC_IMPLEMENTATIONS = YES;
				CLANG_WARN_DIRECT_OBJC_ISA_USAGE = YES_ERROR;
				CLANG_WARN_DOCUMENTATION_COMMENTS = YES;
				CLANG_WARN_EMPTY_BODY = YES;
				CLANG_WARN_ENUM_CONVERSION = YES;
				CLANG_WARN_INFINITE_RECURSION = YES;
				CLANG_WARN_INT_CONVERSION = YES;
				CLANG_WARN_NON_LITERAL_NULL_CONVERSION = YES;
				CLANG_WARN_OBJC_IMPLICIT_RETAIN_SELF = YES;
				CLANG_WARN_OBJC_LITERAL_CONVERSION = YES;
				CLANG_WARN_OBJC_ROOT_CLASS = YES_ERROR;
				CLANG_WARN_RANGE_LOOP_ANALYSIS = YES;
				CLANG_WARN_STRICT_PROTOTYPES = YES;
				CLANG_WARN_SUSPICIOUS_MOVE = YES;
				CLANG_WARN_UNGUARDED_AVAILABILITY = YES_AGGRESSIVE;
				CLANG_WARN_UNREACHABLE_CODE = YES;
				CLANG_WARN__DUPLICATE_METHOD_MATCH = YES;
				COPY_PHASE_STRIP = NO;
				DEBUG_INFORMATION_FORMAT = "dwarf-with-dsym";
				ENABLE_NS_ASSERTIONS = NO;
				ENABLE_STRICT_OBJC_MSGSEND = YES;
				GCC_C_LANGUAGE_STANDARD = gnu11;
				GCC_NO_COMMON_BLOCKS = YES;
				GCC_WARN_64_TO_32_BIT_CONVERSION = YES;
				GCC_WARN_ABOUT_RETURN_TYPE = YES_ERROR;
				GCC_WARN_UNDECLARED_SELECTOR = YES;
				GCC_WARN_UNINITIALIZED_AUTOS = YES_AGGRESSIVE;
				GCC_WARN_UNUSED_FUNCTION = YES;
				GCC_WARN_UNUSED_VARIABLE = YES;
				IPHONEOS_DEPLOYMENT_TARGET = 13.5;
				MTL_ENABLE_DEBUG_INFO = NO;
				MTL_FAST_MATH = YES;
				SDKROOT = iphoneos;
				SWIFT_COMPILATION_MODE = wholemodule;
				SWIFT_OPTIMIZATION_LEVEL = "-O";
				VALIDATE_PRODUCT = YES;
			};
			name = Release;
		};
		50562F7B2498AF2A00713E15 /* Debug */ = {
			isa = XCBuildConfiguration;
			baseConfigurationReference = 53DAE99A83E78B95F080D1A9 /* Pods-SampleForLearningSwift.debug.xcconfig */;
			buildSettings = {
				ASSETCATALOG_COMPILER_APPICON_NAME = AppIcon;
				CODE_SIGN_STYLE = Automatic;
				DEVELOPMENT_TEAM = 3Z8V58MKMR;
				INFOPLIST_FILE = SampleForLearningSwift/Info.plist;
				LD_RUNPATH_SEARCH_PATHS = (
					"$(inherited)",
					"@executable_path/Frameworks",
				);
				PRODUCT_BUNDLE_IDENTIFIER = com.gmail.hatadaiki.SampleForLearningSwift;
				PRODUCT_NAME = "$(TARGET_NAME)";
				SWIFT_VERSION = 5.0;
				TARGETED_DEVICE_FAMILY = "1,2";
			};
			name = Debug;
		};
		50562F7C2498AF2A00713E15 /* Release */ = {
			isa = XCBuildConfiguration;
			baseConfigurationReference = D9FBA78B492AAB5685A3BDA8 /* Pods-SampleForLearningSwift.release.xcconfig */;
			buildSettings = {
				ASSETCATALOG_COMPILER_APPICON_NAME = AppIcon;
				CODE_SIGN_STYLE = Automatic;
				DEVELOPMENT_TEAM = 3Z8V58MKMR;
				INFOPLIST_FILE = SampleForLearningSwift/Info.plist;
				LD_RUNPATH_SEARCH_PATHS = (
					"$(inherited)",
					"@executable_path/Frameworks",
				);
				PRODUCT_BUNDLE_IDENTIFIER = com.gmail.hatadaiki.SampleForLearningSwift;
				PRODUCT_NAME = "$(TARGET_NAME)";
				SWIFT_VERSION = 5.0;
				TARGETED_DEVICE_FAMILY = "1,2";
			};
			name = Release;
		};
/* End XCBuildConfiguration section */

/* Begin XCConfigurationList section */
		50562F612498AF2900713E15 /* Build configuration list for PBXProject "SampleForLearningSwift" */ = {
			isa = XCConfigurationList;
			buildConfigurations = (
				50562F782498AF2A00713E15 /* Debug */,
				50562F792498AF2A00713E15 /* Release */,
			);
			defaultConfigurationIsVisible = 0;
			defaultConfigurationName = Release;
		};
		50562F7A2498AF2A00713E15 /* Build configuration list for PBXNativeTarget "SampleForLearningSwift" */ = {
			isa = XCConfigurationList;
			buildConfigurations = (
				50562F7B2498AF2A00713E15 /* Debug */,
				50562F7C2498AF2A00713E15 /* Release */,
			);
			defaultConfigurationIsVisible = 0;
			defaultConfigurationName = Release;
		};
/* End XCConfigurationList section */
	};
	rootObject = 50562F5E2498AF2900713E15 /* Project object */;
}
